
Microsoft Visual Studio Solution File, Format Version 12.00
# Visual Studio Version 17
VisualStudioVersion = 17.6.33815.320
MinimumVisualStudioVersion = 10.0.40219.1
Project("{FAE04EC0-301F-11D3-BF4B-00C04F79EFBC}") = "SchoolSystem", "SchoolSystem\SchoolSystem.csproj", "{98EA6F6F-BE89-4FB0-9136-C70CE3413DED}"
EndProject
Project("{2150E333-8FDC-42A3-9474-1A3956D46DE8}") = "src", "src", "{8223B2BD-3BD4-4586-94F0-36E7769E134F}"
EndProject
Project("{2150E333-8FDC-42A3-9474-1A3956D46DE8}") = "Core", "Core", "{9F43CF6E-C048-4959-AA2A-598366B5B669}"
EndProject
Project("{2150E333-8FDC-42A3-9474-1A3956D46DE8}") = "External", "External", "{F75F86F7-12C4-4384-BA42-B5507C11EC84}"
EndProject
Project("{2150E333-8FDC-42A3-9474-1A3956D46DE8}") = "Test", "Test", "{E8419F71-FA9C-4D61-B711-23D277A409ED}"
EndProject
Project("{2150E333-8FDC-42A3-9474-1A3956D46DE8}") = "Web", "Web", "{1A650F50-C606-4D21-962C-BE73ED72029B}"
EndProject
Project("{FAE04EC0-301F-11D3-BF4B-00C04F79EFBC}") = "Application", "Application\Application.csproj", "{D8BF6461-F390-4F89-88F9-DAFCA50C9651}"
EndProject
Project("{FAE04EC0-301F-11D3-BF4B-00C04F79EFBC}") = "Domain", "Domain\Domain.csproj", "{3F19B7F9-D7F0-4283-8A51-551265CB82A1}"
EndProject
Project("{FAE04EC0-301F-11D3-BF4B-00C04F79EFBC}") = "Infrastrucutre", "Infrastrucutre\Infrastrucutre.csproj", "{E61E9A35-47D6-4CC4-8B1C-3CF4F56BC36F}"
EndProject
Project("{FAE04EC0-301F-11D3-BF4B-00C04F79EFBC}") = "Presentation", "Presentation\Presentation.csproj", "{86C3FA5D-4709-4529-A147-22E9BA7D4DEF}"
EndProject
Project("{FAE04EC0-301F-11D3-BF4B-00C04F79EFBC}") = "SchoolSystems.UnitTest", "SchoolSystems\SchoolSystems.UnitTest.csproj", "{8C03E860-F77B-4668-9819-47F7C12C6FC5}"
EndProject
Global
	GlobalSection(SolutionConfigurationPlatforms) = preSolution
		Debug|Any CPU = Debug|Any CPU
		Release|Any CPU = Release|Any CPU
	EndGlobalSection
	GlobalSection(ProjectConfigurationPlatforms) = postSolution
		{98EA6F6F-BE89-4FB0-9136-C70CE3413DED}.Debug|Any CPU.ActiveCfg = Debug|Any CPU
		{98EA6F6F-BE89-4FB0-9136-C70CE3413DED}.Debug|Any CPU.Build.0 = Debug|Any CPU
		{98EA6F6F-BE89-4FB0-9136-C70CE3413DED}.Release|Any CPU.ActiveCfg = Release|Any CPU
		{98EA6F6F-BE89-4FB0-9136-C70CE3413DED}.Release|Any CPU.Build.0 = Release|Any CPU
		{D8BF6461-F390-4F89-88F9-DAFCA50C9651}.Debug|Any CPU.ActiveCfg = Debug|Any CPU
		{D8BF6461-F390-4F89-88F9-DAFCA50C9651}.Debug|Any CPU.Build.0 = Debug|Any CPU
		{D8BF6461-F390-4F89-88F9-DAFCA50C9651}.Release|Any CPU.ActiveCfg = Release|Any CPU
		{D8BF6461-F390-4F89-88F9-DAFCA50C9651}.Release|Any CPU.Build.0 = Release|Any CPU
		{3F19B7F9-D7F0-4283-8A51-551265CB82A1}.Debug|Any CPU.ActiveCfg = Debug|Any CPU
		{3F19B7F9-D7F0-4283-8A51-551265CB82A1}.Debug|Any CPU.Build.0 = Debug|Any CPU
		{3F19B7F9-D7F0-4283-8A51-551265CB82A1}.Release|Any CPU.ActiveCfg = Release|Any CPU
		{3F19B7F9-D7F0-4283-8A51-551265CB82A1}.Release|Any CPU.Build.0 = Release|Any CPU
		{E61E9A35-47D6-4CC4-8B1C-3CF4F56BC36F}.Debug|Any CPU.ActiveCfg = Debug|Any CPU
		{E61E9A35-47D6-4CC4-8B1C-3CF4F56BC36F}.Debug|Any CPU.Build.0 = Debug|Any CPU
		{E61E9A35-47D6-4CC4-8B1C-3CF4F56BC36F}.Release|Any CPU.ActiveCfg = Release|Any CPU
		{E61E9A35-47D6-4CC4-8B1C-3CF4F56BC36F}.Release|Any CPU.Build.0 = Release|Any CPU
		{86C3FA5D-4709-4529-A147-22E9BA7D4DEF}.Debug|Any CPU.ActiveCfg = Debug|Any CPU
		{86C3FA5D-4709-4529-A147-22E9BA7D4DEF}.Debug|Any CPU.Build.0 = Debug|Any CPU
		{86C3FA5D-4709-4529-A147-22E9BA7D4DEF}.Release|Any CPU.ActiveCfg = Release|Any CPU
		{86C3FA5D-4709-4529-A147-22E9BA7D4DEF}.Release|Any CPU.Build.0 = Release|Any CPU
		{8C03E860-F77B-4668-9819-47F7C12C6FC5}.Debug|Any CPU.ActiveCfg = Debug|Any CPU
		{8C03E860-F77B-4668-9819-47F7C12C6FC5}.Debug|Any CPU.Build.0 = Debug|Any CPU
		{8C03E860-F77B-4668-9819-47F7C12C6FC5}.Release|Any CPU.ActiveCfg = Release|Any CPU
		{8C03E860-F77B-4668-9819-47F7C12C6FC5}.Release|Any CPU.Build.0 = Release|Any CPU
	EndGlobalSection
	GlobalSection(SolutionProperties) = preSolution
		HideSolutionNode = FALSE
	EndGlobalSection
	GlobalSection(NestedProjects) = preSolution
		{98EA6F6F-BE89-4FB0-9136-C70CE3413DED} = {1A650F50-C606-4D21-962C-BE73ED72029B}
		{9F43CF6E-C048-4959-AA2A-598366B5B669} = {8223B2BD-3BD4-4586-94F0-36E7769E134F}
		{F75F86F7-12C4-4384-BA42-B5507C11EC84} = {8223B2BD-3BD4-4586-94F0-36E7769E134F}
		{E8419F71-FA9C-4D61-B711-23D277A409ED} = {8223B2BD-3BD4-4586-94F0-36E7769E134F}
		{1A650F50-C606-4D21-962C-BE73ED72029B} = {8223B2BD-3BD4-4586-94F0-36E7769E134F}
		{D8BF6461-F390-4F89-88F9-DAFCA50C9651} = {9F43CF6E-C048-4959-AA2A-598366B5B669}
		{3F19B7F9-D7F0-4283-8A51-551265CB82A1} = {9F43CF6E-C048-4959-AA2A-598366B5B669}
		{E61E9A35-47D6-4CC4-8B1C-3CF4F56BC36F} = {F75F86F7-12C4-4384-BA42-B5507C11EC84}
		{86C3FA5D-4709-4529-A147-22E9BA7D4DEF} = {F75F86F7-12C4-4384-BA42-B5507C11EC84}
		{8C03E860-F77B-4668-9819-47F7C12C6FC5} = {E8419F71-FA9C-4D61-B711-23D277A409ED}
	EndGlobalSection
	GlobalSection(ExtensibilityGlobals) = postSolution
		SolutionGuid = {E64EEEBC-1723-4C53-AB5C-8CBF9DF06795}
	EndGlobalSection
EndGlobal
